
Microsoft Visual Studio Solution File, Format Version 12.00
# Visual Studio Version 16
VisualStudioVersion = 16.0.31702.278
MinimumVisualStudioVersion = 10.0.40219.1
Project("{FAE04EC0-301F-11D3-BF4B-00C04F79EFBC}") = "exercicio01", "exercicio01\exercicio01.csproj", "{87C92CB9-EFF3-43CA-B5C2-916B7BC89E70}"
EndProject
Global
	GlobalSection(SolutionConfigurationPlatforms) = preSolution
		Debug|Any CPU = Debug|Any CPU
		Release|Any CPU = Release|Any CPU
	EndGlobalSection
	GlobalSection(ProjectConfigurationPlatforms) = postSolution
		{87C92CB9-EFF3-43CA-B5C2-916B7BC89E70}.Debug|Any CPU.ActiveCfg = Debug|Any CPU
		{87C92CB9-EFF3-43CA-B5C2-916B7BC89E70}.Debug|Any CPU.Build.0 = Debug|Any CPU
		{87C92CB9-EFF3-43CA-B5C2-916B7BC89E70}.Release|Any CPU.ActiveCfg = Release|Any CPU
		{87C92CB9-EFF3-43CA-B5C2-916B7BC89E70}.Release|Any CPU.Build.0 = Release|Any CPU
	EndGlobalSection
	GlobalSection(SolutionProperties) = preSolution
		HideSolutionNode = FALSE
	EndGlobalSection
	GlobalSection(ExtensibilityGlobals) = postSolution
		SolutionGuid = {3832F5DA-F96C-427F-B612-9C16AB8E26EC}
	EndGlobalSection
EndGlobal
