
Microsoft Visual Studio Solution File, Format Version 12.00
# Visual Studio Version 16
VisualStudioVersion = 16.0.31702.278
MinimumVisualStudioVersion = 10.0.40219.1
Project("{FAE04EC0-301F-11D3-BF4B-00C04F79EFBC}") = "projeto01", "projeto01.csproj", "{DC79D3C4-672D-4DAE-9ACF-4605F4084CEE}"
EndProject
Global
	GlobalSection(SolutionConfigurationPlatforms) = preSolution
		Debug|Any CPU = Debug|Any CPU
		Release|Any CPU = Release|Any CPU
	EndGlobalSection
	GlobalSection(ProjectConfigurationPlatforms) = postSolution
		{DC79D3C4-672D-4DAE-9ACF-4605F4084CEE}.Debug|Any CPU.ActiveCfg = Debug|Any CPU
		{DC79D3C4-672D-4DAE-9ACF-4605F4084CEE}.Debug|Any CPU.Build.0 = Debug|Any CPU
		{DC79D3C4-672D-4DAE-9ACF-4605F4084CEE}.Release|Any CPU.ActiveCfg = Release|Any CPU
		{DC79D3C4-672D-4DAE-9ACF-4605F4084CEE}.Release|Any CPU.Build.0 = Release|Any CPU
	EndGlobalSection
	GlobalSection(SolutionProperties) = preSolution
		HideSolutionNode = FALSE
	EndGlobalSection
	GlobalSection(ExtensibilityGlobals) = postSolution
		SolutionGuid = {D3B1FBF8-6AEB-440A-A547-B2415202EFB5}
	EndGlobalSection
EndGlobal
