
Microsoft Visual Studio Solution File, Format Version 12.00
# Visual Studio Version 16
VisualStudioVersion = 16.0.31702.278
MinimumVisualStudioVersion = 10.0.40219.1
Project("{FAE04EC0-301F-11D3-BF4B-00C04F79EFBC}") = "CalculadoraIMC", "CalculadoraIMC.csproj", "{EA794758-78D4-4CE4-BBB5-32F428067745}"
EndProject
Global
	GlobalSection(SolutionConfigurationPlatforms) = preSolution
		Debug|Any CPU = Debug|Any CPU
		Release|Any CPU = Release|Any CPU
	EndGlobalSection
	GlobalSection(ProjectConfigurationPlatforms) = postSolution
		{EA794758-78D4-4CE4-BBB5-32F428067745}.Debug|Any CPU.ActiveCfg = Debug|Any CPU
		{EA794758-78D4-4CE4-BBB5-32F428067745}.Debug|Any CPU.Build.0 = Debug|Any CPU
		{EA794758-78D4-4CE4-BBB5-32F428067745}.Release|Any CPU.ActiveCfg = Release|Any CPU
		{EA794758-78D4-4CE4-BBB5-32F428067745}.Release|Any CPU.Build.0 = Release|Any CPU
	EndGlobalSection
	GlobalSection(SolutionProperties) = preSolution
		HideSolutionNode = FALSE
	EndGlobalSection
	GlobalSection(ExtensibilityGlobals) = postSolution
		SolutionGuid = {EDB036D0-E358-4CF6-8322-5CFD48A07D12}
	EndGlobalSection
EndGlobal
